
Microsoft Visual Studio Solution File, Format Version 12.00
# Visual Studio 15
Project("{FAE04EC0-301F-11D3-BF4B-00C04F79EFBC}") = "Lesson001_Task1", "Lesson001_Task1\Lesson001_Task1.csproj", "{6137D08F-DF46-4939-B7EA-CF45BF2F0969}"
EndProject
Global
	GlobalSection(SolutionConfigurationPlatforms) = preSolution
		Debug|anycpu = Debug|anycpu
		Release|anycpu = Release|anycpu
	EndGlobalSection
	GlobalSection(ProjectConfigurationPlatforms) = postSolution
		{6137D08F-DF46-4939-B7EA-CF45BF2F0969}.Debug|anycpu.ActiveCfg = Debug|anycpu
		{6137D08F-DF46-4939-B7EA-CF45BF2F0969}.Debug|anycpu.Build.0 = Debug|anycpu
		{6137D08F-DF46-4939-B7EA-CF45BF2F0969}.Release|anycpu.ActiveCfg = Release|anycpu
		{6137D08F-DF46-4939-B7EA-CF45BF2F0969}.Release|anycpu.Build.0 = Release|anycpu
	EndGlobalSection
EndGlobal
